
Microsoft Visual Studio Solution File, Format Version 12.00
# Visual Studio Version 16
VisualStudioVersion = 16.0.30907.101
MinimumVisualStudioVersion = 10.0.40219.1
Project("{FAE04EC0-301F-11D3-BF4B-00C04F79EFBC}") = "LeetCode", "LeetCode\LeetCode.csproj", "{874D0F85-117C-40B5-B2E8-7E3EC48418F3}"
EndProject
Global
	GlobalSection(SolutionConfigurationPlatforms) = preSolution
		Debug|Any CPU = Debug|Any CPU
		Release|Any CPU = Release|Any CPU
	EndGlobalSection
	GlobalSection(ProjectConfigurationPlatforms) = postSolution
		{874D0F85-117C-40B5-B2E8-7E3EC48418F3}.Debug|Any CPU.ActiveCfg = Debug|Any CPU
		{874D0F85-117C-40B5-B2E8-7E3EC48418F3}.Debug|Any CPU.Build.0 = Debug|Any CPU
		{874D0F85-117C-40B5-B2E8-7E3EC48418F3}.Release|Any CPU.ActiveCfg = Release|Any CPU
		{874D0F85-117C-40B5-B2E8-7E3EC48418F3}.Release|Any CPU.Build.0 = Release|Any CPU
	EndGlobalSection
	GlobalSection(SolutionProperties) = preSolution
		HideSolutionNode = FALSE
	EndGlobalSection
	GlobalSection(ExtensibilityGlobals) = postSolution
		SolutionGuid = {E6D543FC-9465-48A4-925E-D1265A3BBD8B}
	EndGlobalSection
EndGlobal
